
Microsoft Visual Studio Solution File, Format Version 12.00
# Visual Studio Version 17
VisualStudioVersion = 17.1.32210.238
MinimumVisualStudioVersion = 10.0.40219.1
Project("{FAE04EC0-301F-11D3-BF4B-00C04F79EFBC}") = "WebServiceApp", "WebServiceApp\WebServiceApp.csproj", "{632A9FFE-E06B-4C2E-812B-4E0E8305F4E5}"
EndProject
Project("{FAE04EC0-301F-11D3-BF4B-00C04F79EFBC}") = "WebServiceAppCalculator.Frm", "WebServiceAppCalculator.Frm\WebServiceAppCalculator.Frm.csproj", "{B4BFE2F6-33F8-403D-B23D-229395ED9A5B}"
EndProject
Global
	GlobalSection(SolutionConfigurationPlatforms) = preSolution
		Debug|Any CPU = Debug|Any CPU
		Release|Any CPU = Release|Any CPU
	EndGlobalSection
	GlobalSection(ProjectConfigurationPlatforms) = postSolution
		{632A9FFE-E06B-4C2E-812B-4E0E8305F4E5}.Debug|Any CPU.ActiveCfg = Debug|Any CPU
		{632A9FFE-E06B-4C2E-812B-4E0E8305F4E5}.Debug|Any CPU.Build.0 = Debug|Any CPU
		{632A9FFE-E06B-4C2E-812B-4E0E8305F4E5}.Release|Any CPU.ActiveCfg = Release|Any CPU
		{632A9FFE-E06B-4C2E-812B-4E0E8305F4E5}.Release|Any CPU.Build.0 = Release|Any CPU
		{B4BFE2F6-33F8-403D-B23D-229395ED9A5B}.Debug|Any CPU.ActiveCfg = Debug|Any CPU
		{B4BFE2F6-33F8-403D-B23D-229395ED9A5B}.Debug|Any CPU.Build.0 = Debug|Any CPU
		{B4BFE2F6-33F8-403D-B23D-229395ED9A5B}.Release|Any CPU.ActiveCfg = Release|Any CPU
		{B4BFE2F6-33F8-403D-B23D-229395ED9A5B}.Release|Any CPU.Build.0 = Release|Any CPU
	EndGlobalSection
	GlobalSection(SolutionProperties) = preSolution
		HideSolutionNode = FALSE
	EndGlobalSection
	GlobalSection(ExtensibilityGlobals) = postSolution
		SolutionGuid = {C4343DB3-6BAF-4500-AB99-F977CA0878D1}
	EndGlobalSection
EndGlobal
